
Microsoft Visual Studio Solution File, Format Version 12.00
# Visual Studio Version 17
VisualStudioVersion = 17.6.33712.159
MinimumVisualStudioVersion = 10.0.40219.1
Project("{FAE04EC0-301F-11D3-BF4B-00C04F79EFBC}") = "MyProtocolsAPI_CristianSalazar", "MyProtocolsAPI_CristianSalazar\MyProtocolsAPI_CristianSalazar.csproj", "{57EB8482-78BD-4DE1-A61F-00014D65EE21}"
EndProject
Global
	GlobalSection(SolutionConfigurationPlatforms) = preSolution
		Debug|Any CPU = Debug|Any CPU
		Release|Any CPU = Release|Any CPU
	EndGlobalSection
	GlobalSection(ProjectConfigurationPlatforms) = postSolution
		{57EB8482-78BD-4DE1-A61F-00014D65EE21}.Debug|Any CPU.ActiveCfg = Debug|Any CPU
		{57EB8482-78BD-4DE1-A61F-00014D65EE21}.Debug|Any CPU.Build.0 = Debug|Any CPU
		{57EB8482-78BD-4DE1-A61F-00014D65EE21}.Release|Any CPU.ActiveCfg = Release|Any CPU
		{57EB8482-78BD-4DE1-A61F-00014D65EE21}.Release|Any CPU.Build.0 = Release|Any CPU
	EndGlobalSection
	GlobalSection(SolutionProperties) = preSolution
		HideSolutionNode = FALSE
	EndGlobalSection
	GlobalSection(ExtensibilityGlobals) = postSolution
		SolutionGuid = {016EBD83-5C96-4DB4-86B2-77680EC28DEA}
	EndGlobalSection
EndGlobal
